
Microsoft Visual Studio Solution File, Format Version 12.00
# Visual Studio 15
VisualStudioVersion = 15.0.26124.0
MinimumVisualStudioVersion = 15.0.26124.0
Project("{2150E333-8FDC-42A3-9474-1A3956D46DE8}") = "src", "src", "{86191E9C-1C29-43C0-82CA-E857F4626D9B}"
EndProject
Project("{FAE04EC0-301F-11D3-BF4B-00C04F79EFBC}") = "UploadImage.Data", "src\UploadImage.Data\UploadImage.Data.csproj", "{BB16ACDD-57DB-449D-8A4F-3961CA9490A8}"
EndProject
Project("{FAE04EC0-301F-11D3-BF4B-00C04F79EFBC}") = "UploadImage.Domain", "src\UploadImage.Domain\UploadImage.Domain.csproj", "{A3CB2F2E-1A4F-4D93-93A6-78781047715E}"
EndProject
Project("{FAE04EC0-301F-11D3-BF4B-00C04F79EFBC}") = "UploadImage.WebApi", "src\UploadImage.WebApi\UploadImage.WebApi.csproj", "{907E8E01-7F04-4C96-BE21-5A6474D573DB}"
EndProject
Global
	GlobalSection(SolutionConfigurationPlatforms) = preSolution
		Debug|Any CPU = Debug|Any CPU
		Debug|x64 = Debug|x64
		Debug|x86 = Debug|x86
		Release|Any CPU = Release|Any CPU
		Release|x64 = Release|x64
		Release|x86 = Release|x86
	EndGlobalSection
	GlobalSection(SolutionProperties) = preSolution
		HideSolutionNode = FALSE
	EndGlobalSection
	GlobalSection(ProjectConfigurationPlatforms) = postSolution
		{BB16ACDD-57DB-449D-8A4F-3961CA9490A8}.Debug|Any CPU.ActiveCfg = Debug|Any CPU
		{BB16ACDD-57DB-449D-8A4F-3961CA9490A8}.Debug|Any CPU.Build.0 = Debug|Any CPU
		{BB16ACDD-57DB-449D-8A4F-3961CA9490A8}.Debug|x64.ActiveCfg = Debug|Any CPU
		{BB16ACDD-57DB-449D-8A4F-3961CA9490A8}.Debug|x64.Build.0 = Debug|Any CPU
		{BB16ACDD-57DB-449D-8A4F-3961CA9490A8}.Debug|x86.ActiveCfg = Debug|Any CPU
		{BB16ACDD-57DB-449D-8A4F-3961CA9490A8}.Debug|x86.Build.0 = Debug|Any CPU
		{BB16ACDD-57DB-449D-8A4F-3961CA9490A8}.Release|Any CPU.ActiveCfg = Release|Any CPU
		{BB16ACDD-57DB-449D-8A4F-3961CA9490A8}.Release|Any CPU.Build.0 = Release|Any CPU
		{BB16ACDD-57DB-449D-8A4F-3961CA9490A8}.Release|x64.ActiveCfg = Release|Any CPU
		{BB16ACDD-57DB-449D-8A4F-3961CA9490A8}.Release|x64.Build.0 = Release|Any CPU
		{BB16ACDD-57DB-449D-8A4F-3961CA9490A8}.Release|x86.ActiveCfg = Release|Any CPU
		{BB16ACDD-57DB-449D-8A4F-3961CA9490A8}.Release|x86.Build.0 = Release|Any CPU
		{A3CB2F2E-1A4F-4D93-93A6-78781047715E}.Debug|Any CPU.ActiveCfg = Debug|Any CPU
		{A3CB2F2E-1A4F-4D93-93A6-78781047715E}.Debug|Any CPU.Build.0 = Debug|Any CPU
		{A3CB2F2E-1A4F-4D93-93A6-78781047715E}.Debug|x64.ActiveCfg = Debug|Any CPU
		{A3CB2F2E-1A4F-4D93-93A6-78781047715E}.Debug|x64.Build.0 = Debug|Any CPU
		{A3CB2F2E-1A4F-4D93-93A6-78781047715E}.Debug|x86.ActiveCfg = Debug|Any CPU
		{A3CB2F2E-1A4F-4D93-93A6-78781047715E}.Debug|x86.Build.0 = Debug|Any CPU
		{A3CB2F2E-1A4F-4D93-93A6-78781047715E}.Release|Any CPU.ActiveCfg = Release|Any CPU
		{A3CB2F2E-1A4F-4D93-93A6-78781047715E}.Release|Any CPU.Build.0 = Release|Any CPU
		{A3CB2F2E-1A4F-4D93-93A6-78781047715E}.Release|x64.ActiveCfg = Release|Any CPU
		{A3CB2F2E-1A4F-4D93-93A6-78781047715E}.Release|x64.Build.0 = Release|Any CPU
		{A3CB2F2E-1A4F-4D93-93A6-78781047715E}.Release|x86.ActiveCfg = Release|Any CPU
		{A3CB2F2E-1A4F-4D93-93A6-78781047715E}.Release|x86.Build.0 = Release|Any CPU
		{907E8E01-7F04-4C96-BE21-5A6474D573DB}.Debug|Any CPU.ActiveCfg = Debug|Any CPU
		{907E8E01-7F04-4C96-BE21-5A6474D573DB}.Debug|Any CPU.Build.0 = Debug|Any CPU
		{907E8E01-7F04-4C96-BE21-5A6474D573DB}.Debug|x64.ActiveCfg = Debug|Any CPU
		{907E8E01-7F04-4C96-BE21-5A6474D573DB}.Debug|x64.Build.0 = Debug|Any CPU
		{907E8E01-7F04-4C96-BE21-5A6474D573DB}.Debug|x86.ActiveCfg = Debug|Any CPU
		{907E8E01-7F04-4C96-BE21-5A6474D573DB}.Debug|x86.Build.0 = Debug|Any CPU
		{907E8E01-7F04-4C96-BE21-5A6474D573DB}.Release|Any CPU.ActiveCfg = Release|Any CPU
		{907E8E01-7F04-4C96-BE21-5A6474D573DB}.Release|Any CPU.Build.0 = Release|Any CPU
		{907E8E01-7F04-4C96-BE21-5A6474D573DB}.Release|x64.ActiveCfg = Release|Any CPU
		{907E8E01-7F04-4C96-BE21-5A6474D573DB}.Release|x64.Build.0 = Release|Any CPU
		{907E8E01-7F04-4C96-BE21-5A6474D573DB}.Release|x86.ActiveCfg = Release|Any CPU
		{907E8E01-7F04-4C96-BE21-5A6474D573DB}.Release|x86.Build.0 = Release|Any CPU
	EndGlobalSection
	GlobalSection(NestedProjects) = preSolution
		{BB16ACDD-57DB-449D-8A4F-3961CA9490A8} = {86191E9C-1C29-43C0-82CA-E857F4626D9B}
		{A3CB2F2E-1A4F-4D93-93A6-78781047715E} = {86191E9C-1C29-43C0-82CA-E857F4626D9B}
		{907E8E01-7F04-4C96-BE21-5A6474D573DB} = {86191E9C-1C29-43C0-82CA-E857F4626D9B}
	EndGlobalSection
EndGlobal
